
Microsoft Visual Studio Solution File, Format Version 12.00
# Visual Studio 15
VisualStudioVersion = 15.0.27130.2036
MinimumVisualStudioVersion = 10.0.40219.1
Project("{FAE04EC0-301F-11D3-BF4B-00C04F79EFBC}") = "MathLib", "MathLib\MathLib.csproj", "{755F75CE-DC35-4EA7-8F06-306B01DA8BCA}"
EndProject
Global
	GlobalSection(SolutionConfigurationPlatforms) = preSolution
		Debug|Any CPU = Debug|Any CPU
		Release|Any CPU = Release|Any CPU
	EndGlobalSection
	GlobalSection(ProjectConfigurationPlatforms) = postSolution
		{755F75CE-DC35-4EA7-8F06-306B01DA8BCA}.Debug|Any CPU.ActiveCfg = Debug|Any CPU
		{755F75CE-DC35-4EA7-8F06-306B01DA8BCA}.Debug|Any CPU.Build.0 = Debug|Any CPU
		{755F75CE-DC35-4EA7-8F06-306B01DA8BCA}.Release|Any CPU.ActiveCfg = Release|Any CPU
		{755F75CE-DC35-4EA7-8F06-306B01DA8BCA}.Release|Any CPU.Build.0 = Release|Any CPU
	EndGlobalSection
	GlobalSection(SolutionProperties) = preSolution
		HideSolutionNode = FALSE
	EndGlobalSection
	GlobalSection(ExtensibilityGlobals) = postSolution
		SolutionGuid = {16E70D16-6DE3-4ADE-B302-53CE368B7B82}
	EndGlobalSection
EndGlobal
